# THIS IS AN AUTOGENERATED FILE. DO NOT EDIT THIS FILE DIRECTLY.
# yarn lockfile v1


async@0.2.x:
  version "0.2.10"
  resolved "https://registry.npm.taobao.org/async/download/async-0.2.10.tgz#b6bbe0b0674b9d719708ca38de8c237cb526c3d1"
  integrity sha1-trvgsGdLnXGXCMo43owjfLUmw9E=

base64url@^3.0.1:
  version "3.0.1"
  resolved "https://registry.npm.taobao.org/base64url/download/base64url-3.0.1.tgz#6399d572e2bc3f90a9a8b22d5dbb0a32d33f788d"
  integrity sha1-Y5nVcuK8P5CpqLItXbsKMtM/eI0=

blake2b-wasm@^1.1.0:
  version "1.1.7"
  resolved "https://registry.npm.taobao.org/blake2b-wasm/download/blake2b-wasm-1.1.7.tgz#e4d075da10068e5d4c3ec1fb9accc4d186c55d81"
  integrity sha1-5NB12hAGjl1MPsH7mszE0YbFXYE=
  dependencies:
    nanoassert "^1.0.0"

blake2b@^2.1.1:
  version "2.1.3"
  resolved "https://registry.npm.taobao.org/blake2b/download/blake2b-2.1.3.tgz#f5388be424768e7c6327025dad0c3c6d83351bca"
  integrity sha1-9TiL5CR2jnxjJwJdrQw8bYM1G8o=
  dependencies:
    blake2b-wasm "^1.1.0"
    nanoassert "^1.0.0"

fs-extra@^8.1.0:
  version "8.1.0"
  resolved "https://registry.npm.taobao.org/fs-extra/download/fs-extra-8.1.0.tgz#49d43c45a88cd9677668cb7be1b46efdb8d2e1c0"
  integrity sha1-SdQ8RaiM2Wd2aMt74bRu/bjS4cA=
  dependencies:
    graceful-fs "^4.2.0"
    jsonfile "^4.0.0"
    universalify "^0.1.0"

graceful-fs@^4.1.6, graceful-fs@^4.2.0:
  version "4.2.1"
  resolved "https://registry.npm.taobao.org/graceful-fs/download/graceful-fs-4.2.1.tgz#1c1f0c364882c868f5bff6512146328336a11b1d"
  integrity sha1-HB8MNkiCyGj1v/ZRIUYygzahGx0=

ini@^1.3.5:
  version "1.3.5"
  resolved "https://registry.npm.taobao.org/ini/download/ini-1.3.5.tgz#eee25f56db1c9ec6085e0c22778083f596abf927"
  integrity sha1-7uJfVtscnsYIXgwid4CD9Zar+Sc=

jsonfile@^4.0.0:
  version "4.0.0"
  resolved "https://registry.npm.taobao.org/jsonfile/download/jsonfile-4.0.0.tgz#8771aae0799b64076b76640fca058f9c10e33ecb"
  integrity sha1-h3Gq4HmbZAdrdmQPygWPnBDjPss=
  optionalDependencies:
    graceful-fs "^4.1.6"

nan@^2.14.0:
  version "2.14.0"
  resolved "https://registry.npm.taobao.org/nan/download/nan-2.14.0.tgz#7818f722027b2459a86f0295d434d1fc2336c52c"
  integrity sha1-eBj3IgJ7JFmobwKV1DTR/CM2xSw=

nanoassert@^1.0.0:
  version "1.1.0"
  resolved "https://registry.npm.taobao.org/nanoassert/download/nanoassert-1.1.0.tgz#4f3152e09540fde28c76f44b19bbcd1d5a42478d"
  integrity sha1-TzFS4JVA/eKMdvRLGbvNHVpCR40=

node-gyp-build@^4.1.0:
  version "4.1.0"
  resolved "https://registry.npm.taobao.org/node-gyp-build/download/node-gyp-build-4.1.0.tgz#3bc3dd7dd4aafecaf64a2e3729e785bc3cdea565"
  integrity sha1-O8PdfdSq/sr2Si43KeeFvDzepWU=

siphash24@^1.0.1:
  version "1.1.1"
  resolved "https://registry.npm.taobao.org/siphash24/download/siphash24-1.1.1.tgz#94ad021a2b2c62de381b546ee02df0cf778acd50"
  integrity sha1-lK0CGissYt44G1Ru4C3wz3eKzVA=
  dependencies:
    nanoassert "^1.0.0"

sodium-6du@^0.1.3:
  version "0.1.3"
  resolved "https://registry.npm.taobao.org/sodium-6du/download/sodium-6du-0.1.3.tgz#8274dfc35da1df8dbec929cdc65b9f95a488a873"
  integrity sha1-gnTfw12h342+ySnNxluflaSIqHM=
  dependencies:
    sodium-universal "^2.0.0"

sodium-javascript@~0.5.0:
  version "0.5.5"
  resolved "https://registry.npm.taobao.org/sodium-javascript/download/sodium-javascript-0.5.5.tgz#40b7b530390931f45164173582dca51d4e37e84d"
  integrity sha1-QLe1MDkJMfRRZBc1gtylHU436E0=
  dependencies:
    blake2b "^2.1.1"
    nanoassert "^1.0.0"
    siphash24 "^1.0.1"
    xsalsa20 "^1.0.0"

sodium-native@^2.0.0:
  version "2.4.5"
  resolved "https://registry.npm.taobao.org/sodium-native/download/sodium-native-2.4.5.tgz#f42c541eb0be2f3556754c3a7b3180fc38a875ce"
  integrity sha1-9CxUHrC+LzVWdUw6ezGA/Diodc4=
  dependencies:
    ini "^1.3.5"
    nan "^2.14.0"
    node-gyp-build "^4.1.0"

sodium-universal@^2.0.0:
  version "2.0.0"
  resolved "https://registry.npm.taobao.org/sodium-universal/download/sodium-universal-2.0.0.tgz#cfb4e1a9c4afece4382b2c23c53439b443bd2af3"
  integrity sha1-z7ThqcSv7OQ4KywjxTQ5tEO9KvM=
  dependencies:
    sodium-javascript "~0.5.0"
  optionalDependencies:
    sodium-native "^2.0.0"

underscore@1.5.x:
  version "1.5.2"
  resolved "https://registry.npm.taobao.org/underscore/download/underscore-1.5.2.tgz#1335c5e4f5e6d33bbb4b006ba8c86a00f556de08"
  integrity sha1-EzXF5PXm0zu7SwBrqMhqAPVW3gg=

universalify@^0.1.0:
  version "0.1.2"
  resolved "https://registry.npm.taobao.org/universalify/download/universalify-0.1.2.tgz#b646f69be3942dabcecc9d6639c80dc105efaa66"
  integrity sha1-tkb2m+OULavOzJ1mOcgNwQXvqmY=

xsalsa20@^1.0.0:
  version "1.0.2"
  resolved "https://registry.npm.taobao.org/xsalsa20/download/xsalsa20-1.0.2.tgz#46cc53439d543d88782e42dfada5c5a69ab6314d"
  integrity sha1-RsxTQ51UPYh4LkLfraXFppq2MU0=

zeltice-mt-downloader@^1.1.3:
  version "1.1.3"
  resolved "https://registry.npm.taobao.org/zeltice-mt-downloader/download/zeltice-mt-downloader-1.1.3.tgz#4091eb7733a627f333422ba67616438f37f6f08b"
  integrity sha1-QJHrdzOmJ/MzQiumdhZDjzf28Is=
  dependencies:
    async "0.2.x"
    underscore "1.5.x"
